
Microsoft Visual Studio Solution File, Format Version 12.00
# Visual Studio 15
VisualStudioVersion = 15.0.27428.2005
MinimumVisualStudioVersion = 10.0.40219.1
Project("{FAE04EC0-301F-11D3-BF4B-00C04F79EFBC}") = "SimpleBitcoinWallet", "SimpleBitcoinWallet\SimpleBitcoinWallet.csproj", "{87673A4E-EB2E-47FD-97FF-17E4A173F0BC}"
EndProject
Global
	GlobalSection(SolutionConfigurationPlatforms) = preSolution
		Debug|Any CPU = Debug|Any CPU
		Release|Any CPU = Release|Any CPU
	EndGlobalSection
	GlobalSection(ProjectConfigurationPlatforms) = postSolution
		{87673A4E-EB2E-47FD-97FF-17E4A173F0BC}.Debug|Any CPU.ActiveCfg = Debug|Any CPU
		{87673A4E-EB2E-47FD-97FF-17E4A173F0BC}.Debug|Any CPU.Build.0 = Debug|Any CPU
		{87673A4E-EB2E-47FD-97FF-17E4A173F0BC}.Release|Any CPU.ActiveCfg = Release|Any CPU
		{87673A4E-EB2E-47FD-97FF-17E4A173F0BC}.Release|Any CPU.Build.0 = Release|Any CPU
	EndGlobalSection
	GlobalSection(SolutionProperties) = preSolution
		HideSolutionNode = FALSE
	EndGlobalSection
	GlobalSection(ExtensibilityGlobals) = postSolution
		SolutionGuid = {5929D19A-FAE2-4A77-885A-D6A2D1C77AB5}
	EndGlobalSection
EndGlobal
